
Microsoft Visual Studio Solution File, Format Version 12.00
# Visual Studio Version 17
VisualStudioVersion = 17.10.34916.146
MinimumVisualStudioVersion = 10.0.40219.1
Project("{9A19103F-16F7-4668-BE54-9A1E7A4F7556}") = "DesafioCSharp", "DesafioCSharp\DesafioCSharp.csproj", "{0A4E3DE9-76B9-4FF7-A51B-5746179378D6}"
EndProject
Project("{9A19103F-16F7-4668-BE54-9A1E7A4F7556}") = "Ex1", "Ex1\Ex1.csproj", "{2F4926C3-9A5A-4568-91E1-C45A5C8C31B2}"
EndProject
Project("{9A19103F-16F7-4668-BE54-9A1E7A4F7556}") = "Ex2", "Ex2\Ex2.csproj", "{7B481DD1-F7A7-4358-89B4-D3D54C39CBFD}"
EndProject
Project("{9A19103F-16F7-4668-BE54-9A1E7A4F7556}") = "Ex3", "Ex3\Ex3.csproj", "{503346A3-F5D3-4FF3-A408-8230AA2DEFE4}"
EndProject
Project("{9A19103F-16F7-4668-BE54-9A1E7A4F7556}") = "Ex4", "Ex4\Ex4.csproj", "{AA4EBA4B-42B1-458A-90B4-B1D57326414D}"
EndProject
Project("{9A19103F-16F7-4668-BE54-9A1E7A4F7556}") = "Ex5", "Ex5\Ex5.csproj", "{63D0FE69-DCDC-43B5-BFC0-6759EE577ADC}"
EndProject
Project("{9A19103F-16F7-4668-BE54-9A1E7A4F7556}") = "Ex6", "Ex6\Ex6.csproj", "{D3AD6BB0-09AA-4453-960D-134A018ACB02}"
EndProject
Project("{FAE04EC0-301F-11D3-BF4B-00C04F79EFBC}") = "Ex7", "Ex7\Ex7.csproj", "{9DD1381B-06DF-4FF7-8C91-C59A8179C4B2}"
EndProject
Project("{FAE04EC0-301F-11D3-BF4B-00C04F79EFBC}") = "Ex8", "Ex8\Ex8.csproj", "{B6386EDC-A9C7-4267-86DC-1805F13C8D77}"
EndProject
Project("{FAE04EC0-301F-11D3-BF4B-00C04F79EFBC}") = "Ex9", "Ex9\Ex9.csproj", "{3B426785-8D25-442A-9BE6-24E28A3101B5}"
EndProject
Project("{FAE04EC0-301F-11D3-BF4B-00C04F79EFBC}") = "Ex10", "Ex10\Ex10.csproj", "{6A431627-1CAD-4B6D-B539-65736E262441}"
EndProject
Global
	GlobalSection(SolutionConfigurationPlatforms) = preSolution
		Debug|Any CPU = Debug|Any CPU
		Release|Any CPU = Release|Any CPU
	EndGlobalSection
	GlobalSection(ProjectConfigurationPlatforms) = postSolution
		{0A4E3DE9-76B9-4FF7-A51B-5746179378D6}.Debug|Any CPU.ActiveCfg = Debug|Any CPU
		{0A4E3DE9-76B9-4FF7-A51B-5746179378D6}.Debug|Any CPU.Build.0 = Debug|Any CPU
		{0A4E3DE9-76B9-4FF7-A51B-5746179378D6}.Release|Any CPU.ActiveCfg = Release|Any CPU
		{0A4E3DE9-76B9-4FF7-A51B-5746179378D6}.Release|Any CPU.Build.0 = Release|Any CPU
		{2F4926C3-9A5A-4568-91E1-C45A5C8C31B2}.Debug|Any CPU.ActiveCfg = Debug|Any CPU
		{2F4926C3-9A5A-4568-91E1-C45A5C8C31B2}.Debug|Any CPU.Build.0 = Debug|Any CPU
		{2F4926C3-9A5A-4568-91E1-C45A5C8C31B2}.Release|Any CPU.ActiveCfg = Release|Any CPU
		{2F4926C3-9A5A-4568-91E1-C45A5C8C31B2}.Release|Any CPU.Build.0 = Release|Any CPU
		{7B481DD1-F7A7-4358-89B4-D3D54C39CBFD}.Debug|Any CPU.ActiveCfg = Debug|Any CPU
		{7B481DD1-F7A7-4358-89B4-D3D54C39CBFD}.Debug|Any CPU.Build.0 = Debug|Any CPU
		{7B481DD1-F7A7-4358-89B4-D3D54C39CBFD}.Release|Any CPU.ActiveCfg = Release|Any CPU
		{7B481DD1-F7A7-4358-89B4-D3D54C39CBFD}.Release|Any CPU.Build.0 = Release|Any CPU
		{503346A3-F5D3-4FF3-A408-8230AA2DEFE4}.Debug|Any CPU.ActiveCfg = Debug|Any CPU
		{503346A3-F5D3-4FF3-A408-8230AA2DEFE4}.Debug|Any CPU.Build.0 = Debug|Any CPU
		{503346A3-F5D3-4FF3-A408-8230AA2DEFE4}.Release|Any CPU.ActiveCfg = Release|Any CPU
		{503346A3-F5D3-4FF3-A408-8230AA2DEFE4}.Release|Any CPU.Build.0 = Release|Any CPU
		{AA4EBA4B-42B1-458A-90B4-B1D57326414D}.Debug|Any CPU.ActiveCfg = Debug|Any CPU
		{AA4EBA4B-42B1-458A-90B4-B1D57326414D}.Debug|Any CPU.Build.0 = Debug|Any CPU
		{AA4EBA4B-42B1-458A-90B4-B1D57326414D}.Release|Any CPU.ActiveCfg = Release|Any CPU
		{AA4EBA4B-42B1-458A-90B4-B1D57326414D}.Release|Any CPU.Build.0 = Release|Any CPU
		{63D0FE69-DCDC-43B5-BFC0-6759EE577ADC}.Debug|Any CPU.ActiveCfg = Debug|Any CPU
		{63D0FE69-DCDC-43B5-BFC0-6759EE577ADC}.Debug|Any CPU.Build.0 = Debug|Any CPU
		{63D0FE69-DCDC-43B5-BFC0-6759EE577ADC}.Release|Any CPU.ActiveCfg = Release|Any CPU
		{63D0FE69-DCDC-43B5-BFC0-6759EE577ADC}.Release|Any CPU.Build.0 = Release|Any CPU
		{D3AD6BB0-09AA-4453-960D-134A018ACB02}.Debug|Any CPU.ActiveCfg = Debug|Any CPU
		{D3AD6BB0-09AA-4453-960D-134A018ACB02}.Debug|Any CPU.Build.0 = Debug|Any CPU
		{D3AD6BB0-09AA-4453-960D-134A018ACB02}.Release|Any CPU.ActiveCfg = Release|Any CPU
		{D3AD6BB0-09AA-4453-960D-134A018ACB02}.Release|Any CPU.Build.0 = Release|Any CPU
		{9DD1381B-06DF-4FF7-8C91-C59A8179C4B2}.Debug|Any CPU.ActiveCfg = Debug|Any CPU
		{9DD1381B-06DF-4FF7-8C91-C59A8179C4B2}.Debug|Any CPU.Build.0 = Debug|Any CPU
		{9DD1381B-06DF-4FF7-8C91-C59A8179C4B2}.Release|Any CPU.ActiveCfg = Release|Any CPU
		{9DD1381B-06DF-4FF7-8C91-C59A8179C4B2}.Release|Any CPU.Build.0 = Release|Any CPU
		{B6386EDC-A9C7-4267-86DC-1805F13C8D77}.Debug|Any CPU.ActiveCfg = Debug|Any CPU
		{B6386EDC-A9C7-4267-86DC-1805F13C8D77}.Debug|Any CPU.Build.0 = Debug|Any CPU
		{B6386EDC-A9C7-4267-86DC-1805F13C8D77}.Release|Any CPU.ActiveCfg = Release|Any CPU
		{B6386EDC-A9C7-4267-86DC-1805F13C8D77}.Release|Any CPU.Build.0 = Release|Any CPU
		{3B426785-8D25-442A-9BE6-24E28A3101B5}.Debug|Any CPU.ActiveCfg = Debug|Any CPU
		{3B426785-8D25-442A-9BE6-24E28A3101B5}.Debug|Any CPU.Build.0 = Debug|Any CPU
		{3B426785-8D25-442A-9BE6-24E28A3101B5}.Release|Any CPU.ActiveCfg = Release|Any CPU
		{3B426785-8D25-442A-9BE6-24E28A3101B5}.Release|Any CPU.Build.0 = Release|Any CPU
		{6A431627-1CAD-4B6D-B539-65736E262441}.Debug|Any CPU.ActiveCfg = Debug|Any CPU
		{6A431627-1CAD-4B6D-B539-65736E262441}.Debug|Any CPU.Build.0 = Debug|Any CPU
		{6A431627-1CAD-4B6D-B539-65736E262441}.Release|Any CPU.ActiveCfg = Release|Any CPU
		{6A431627-1CAD-4B6D-B539-65736E262441}.Release|Any CPU.Build.0 = Release|Any CPU
	EndGlobalSection
	GlobalSection(SolutionProperties) = preSolution
		HideSolutionNode = FALSE
	EndGlobalSection
	GlobalSection(ExtensibilityGlobals) = postSolution
		SolutionGuid = {2A34CE1C-5CE8-4F34-A3D4-BEFC31AF91EF}
	EndGlobalSection
EndGlobal
